
Microsoft Visual Studio Solution File, Format Version 12.00
# Visual Studio 15
VisualStudioVersion = 15.0.26730.12
MinimumVisualStudioVersion = 10.0.40219.1
Project("{FAE04EC0-301F-11D3-BF4B-00C04F79EFBC}") = "CarsSale.DataAccess", "CarsSale.DataAccess\CarsSale.DataAccess.csproj", "{8885ADB7-DA9D-4B59-8B31-7D974DA44506}"
EndProject
Project("{FAE04EC0-301F-11D3-BF4B-00C04F79EFBC}") = "CarsSale.WebUi", "CarsSale.WebUi\CarsSale.WebUi.csproj", "{B2B2DF2C-47BF-499E-A0C6-251475899E8B}"
EndProject
Project("{FAE04EC0-301F-11D3-BF4B-00C04F79EFBC}") = "CarsSale.WebApi.Services", "CarsSale.WebApi.Services\CarsSale.WebApi.Services.csproj", "{39B90005-DBE6-488B-8869-8C5479071A87}"
EndProject
Global
	GlobalSection(SolutionConfigurationPlatforms) = preSolution
		Debug|Any CPU = Debug|Any CPU
		Release|Any CPU = Release|Any CPU
	EndGlobalSection
	GlobalSection(ProjectConfigurationPlatforms) = postSolution
		{8885ADB7-DA9D-4B59-8B31-7D974DA44506}.Debug|Any CPU.ActiveCfg = Debug|Any CPU
		{8885ADB7-DA9D-4B59-8B31-7D974DA44506}.Debug|Any CPU.Build.0 = Debug|Any CPU
		{8885ADB7-DA9D-4B59-8B31-7D974DA44506}.Release|Any CPU.ActiveCfg = Release|Any CPU
		{8885ADB7-DA9D-4B59-8B31-7D974DA44506}.Release|Any CPU.Build.0 = Release|Any CPU
		{B2B2DF2C-47BF-499E-A0C6-251475899E8B}.Debug|Any CPU.ActiveCfg = Debug|Any CPU
		{B2B2DF2C-47BF-499E-A0C6-251475899E8B}.Debug|Any CPU.Build.0 = Debug|Any CPU
		{B2B2DF2C-47BF-499E-A0C6-251475899E8B}.Release|Any CPU.ActiveCfg = Release|Any CPU
		{B2B2DF2C-47BF-499E-A0C6-251475899E8B}.Release|Any CPU.Build.0 = Release|Any CPU
		{39B90005-DBE6-488B-8869-8C5479071A87}.Debug|Any CPU.ActiveCfg = Debug|Any CPU
		{39B90005-DBE6-488B-8869-8C5479071A87}.Debug|Any CPU.Build.0 = Debug|Any CPU
		{39B90005-DBE6-488B-8869-8C5479071A87}.Release|Any CPU.ActiveCfg = Release|Any CPU
		{39B90005-DBE6-488B-8869-8C5479071A87}.Release|Any CPU.Build.0 = Release|Any CPU
	EndGlobalSection
	GlobalSection(SolutionProperties) = preSolution
		HideSolutionNode = FALSE
	EndGlobalSection
	GlobalSection(ExtensibilityGlobals) = postSolution
		SolutionGuid = {29B74221-6803-43F5-BA88-1DCC415121AA}
	EndGlobalSection
EndGlobal
